<?xml version="1.0" encoding="utf-8"?>
<Project ToolsVersion="17.0" xmlns="http://schemas.microsoft.com/developer/msbuild/2003">
  <ItemGroup>
    <ClCompile Include="E:\RawrXD\src\terminal\sandboxed_terminal.cpp">
      <Filter>Source Files</Filter>
    </ClCompile>
    <ClCompile Include="E:\RawrXD\src\terminal\zero_retention_manager.cpp">
      <Filter>Source Files</Filter>
    </ClCompile>
  </ItemGroup>
  <ItemGroup>
    <ClInclude Include="E:\RawrXD\src\terminal\sandboxed_terminal.hpp">
      <Filter>Header Files</Filter>
    </ClInclude>
    <ClInclude Include="E:\RawrXD\src\terminal\zero_retention_manager.hpp">
      <Filter>Header Files</Filter>
    </ClInclude>
  </ItemGroup>
  <ItemGroup>
    <CustomBuild Include="E:\RawrXD\src\terminal\CMakeLists.txt" />
  </ItemGroup>
  <ItemGroup>
    <Filter Include="Header Files">
      <UniqueIdentifier>{9FF5B125-4A6B-309E-8F2F-6879B155122F}</UniqueIdentifier>
    </Filter>
    <Filter Include="Source Files">
      <UniqueIdentifier>{524A5D49-74DC-30FC-8211-B0B29AE571B6}</UniqueIdentifier>
    </Filter>
  </ItemGroup>
</Project>
