<?xml version="1.0" encoding="utf-8"?>
<Project ToolsVersion="17.0" xmlns="http://schemas.microsoft.com/developer/msbuild/2003">
  <ItemGroup>
    <ClCompile Include="E:\RawrXD\build_universal\src\paint\RawrXD-Paint_autogen\mocs_compilation_Debug.cpp">
      <Filter>Source Files</Filter>
    </ClCompile>
    <ClCompile Include="E:\RawrXD\src\paint\paint_app.cpp">
      <Filter>Source Files</Filter>
    </ClCompile>
    <ClCompile Include="E:\RawrXD\build_universal\src\paint\RawrXD-Paint_autogen\mocs_compilation_Release.cpp">
      <Filter>Source Files</Filter>
    </ClCompile>
    <ClCompile Include="E:\RawrXD\build_universal\src\paint\RawrXD-Paint_autogen\mocs_compilation_MinSizeRel.cpp">
      <Filter>Source Files</Filter>
    </ClCompile>
    <ClCompile Include="E:\RawrXD\build_universal\src\paint\RawrXD-Paint_autogen\mocs_compilation_RelWithDebInfo.cpp">
      <Filter>Source Files</Filter>
    </ClCompile>
  </ItemGroup>
  <ItemGroup>
    <ClInclude Include="E:\RawrXD\include\paint\paint_app.h">
      <Filter>Header Files</Filter>
    </ClInclude>
  </ItemGroup>
  <ItemGroup>
    <CustomBuild Include="E:\RawrXD\src\paint\CMakeLists.txt" />
  </ItemGroup>
  <ItemGroup>
    <Filter Include="Header Files">
      <UniqueIdentifier>{9FF5B125-4A6B-309E-8F2F-6879B155122F}</UniqueIdentifier>
    </Filter>
    <Filter Include="Source Files">
      <UniqueIdentifier>{524A5D49-74DC-30FC-8211-B0B29AE571B6}</UniqueIdentifier>
    </Filter>
  </ItemGroup>
</Project>
