<?xml version="1.0" encoding="utf-8"?>
<Project ToolsVersion="17.0" xmlns="http://schemas.microsoft.com/developer/msbuild/2003">
  <ItemGroup>
    <ClCompile Include="E:\RawrXD\build_universal\masm_solo_compiler_autogen\mocs_compilation_Debug.cpp">
      <Filter>Source Files</Filter>
    </ClCompile>
    <ClCompile Include="E:\RawrXD\build_universal\masm_solo_compiler_autogen\mocs_compilation_Release.cpp">
      <Filter>Source Files</Filter>
    </ClCompile>
    <ClCompile Include="E:\RawrXD\build_universal\masm_solo_compiler_autogen\mocs_compilation_MinSizeRel.cpp">
      <Filter>Source Files</Filter>
    </ClCompile>
    <ClCompile Include="E:\RawrXD\build_universal\masm_solo_compiler_autogen\mocs_compilation_RelWithDebInfo.cpp">
      <Filter>Source Files</Filter>
    </ClCompile>
  </ItemGroup>
  <ItemGroup>
    <CustomBuild Include="E:\RawrXD\build_universal\CMakeFiles\63cfefe41981e8ae14fd705f3fe31d39\masm_solo_compiler.obj.rule">
      <Filter>CMake Rules</Filter>
    </CustomBuild>
    <CustomBuild Include="E:\RawrXD\CMakeLists.txt" />
  </ItemGroup>
  <ItemGroup>
    <Object Include="E:\RawrXD\build_universal\masm_solo_compiler.obj">
      <Filter>Object Files</Filter>
    </Object>
  </ItemGroup>
  <ItemGroup>
    <Filter Include="CMake Rules">
      <UniqueIdentifier>{90A6963C-F342-30A8-81E0-2521EB884FA0}</UniqueIdentifier>
    </Filter>
    <Filter Include="Object Files">
      <UniqueIdentifier>{00BC6E88-E645-380E-9CD7-BCD64F32614F}</UniqueIdentifier>
    </Filter>
    <Filter Include="Source Files">
      <UniqueIdentifier>{524A5D49-74DC-30FC-8211-B0B29AE571B6}</UniqueIdentifier>
    </Filter>
  </ItemGroup>
</Project>
