<?xml version="1.0" encoding="utf-8"?>
<Project ToolsVersion="17.0" xmlns="http://schemas.microsoft.com/developer/msbuild/2003">
  <ItemGroup>
    <ClCompile Include="E:\RawrXD\build_universal\RawrXD-QtShell_autogen\mocs_compilation_Debug.cpp">
      <Filter>Source Files</Filter>
    </ClCompile>
    <ClCompile Include="E:\RawrXD\src\qtapp\main_qt.cpp">
      <Filter>Source Files</Filter>
    </ClCompile>
    <ClCompile Include="E:\RawrXD\src\qtapp\MainWindow.cpp">
      <Filter>Source Files</Filter>
    </ClCompile>
    <ClCompile Include="E:\RawrXD\src\qtapp\ActivityBar.cpp">
      <Filter>Source Files</Filter>
    </ClCompile>
    <ClCompile Include="E:\RawrXD\src\qtapp\ActivityBarButton.cpp">
      <Filter>Source Files</Filter>
    </ClCompile>
    <ClCompile Include="E:\RawrXD\src\qtapp\TerminalWidget.cpp">
      <Filter>Source Files</Filter>
    </ClCompile>
    <ClCompile Include="E:\RawrXD\src\qtapp\TerminalManager.cpp">
      <Filter>Source Files</Filter>
    </ClCompile>
    <ClCompile Include="E:\RawrXD\src\gguf_loader.cpp">
      <Filter>Source Files</Filter>
    </ClCompile>
    <ClCompile Include="E:\RawrXD\src\gguf_vocab_resolver.cpp">
      <Filter>Source Files</Filter>
    </ClCompile>
    <ClCompile Include="E:\RawrXD\src\qtapp\gguf_loader.cpp">
      <Filter>Source Files</Filter>
    </ClCompile>
    <ClCompile Include="E:\RawrXD\src\qtapp\inference_engine.cpp">
      <Filter>Source Files</Filter>
    </ClCompile>
    <ClCompile Include="E:\RawrXD\src\qtapp\transformer_inference.cpp">
      <Filter>Source Files</Filter>
    </ClCompile>
    <ClCompile Include="E:\RawrXD\src\qtapp\bpe_tokenizer.cpp">
      <Filter>Source Files</Filter>
    </ClCompile>
    <ClCompile Include="E:\RawrXD\src\qtapp\sentencepiece_tokenizer.cpp">
      <Filter>Source Files</Filter>
    </ClCompile>
    <ClCompile Include="E:\RawrXD\src\qtapp\vocabulary_loader.cpp">
      <Filter>Source Files</Filter>
    </ClCompile>
    <ClCompile Include="E:\RawrXD\src\qtapp\gguf_server.cpp">
      <Filter>Source Files</Filter>
    </ClCompile>
    <ClCompile Include="E:\RawrXD\src\qtapp\inflate_deflate_cpp.cpp">
      <Filter>Source Files</Filter>
    </ClCompile>
    <ClCompile Include="E:\RawrXD\src\qtapp\deflate_brutal_stub.cpp">
      <Filter>Source Files</Filter>
    </ClCompile>
    <ClCompile Include="E:\RawrXD\src\qtapp\ai_switcher.cpp">
      <Filter>Source Files</Filter>
    </ClCompile>
    <ClCompile Include="E:\RawrXD\src\qtapp\unified_backend.cpp">
      <Filter>Source Files</Filter>
    </ClCompile>
    <ClCompile Include="E:\RawrXD\src\qtapp\widgets\layer_quant_widget.cpp">
      <Filter>Source Files</Filter>
    </ClCompile>
    <ClCompile Include="E:\RawrXD\src\qtapp\streaming_inference.cpp">
      <Filter>Source Files</Filter>
    </ClCompile>
    <ClCompile Include="E:\RawrXD\src\qtapp\model_monitor.cpp">
      <Filter>Source Files</Filter>
    </ClCompile>
    <ClCompile Include="E:\RawrXD\src\qtapp\command_palette.cpp">
      <Filter>Source Files</Filter>
    </ClCompile>
    <ClCompile Include="E:\RawrXD\src\qtapp\ai_chat_panel.cpp">
      <Filter>Source Files</Filter>
    </ClCompile>
    <ClCompile Include="E:\RawrXD\src\qtapp\model_memory_hotpatch.cpp">
      <Filter>Source Files</Filter>
    </ClCompile>
    <ClCompile Include="E:\RawrXD\src\qtapp\byte_level_hotpatcher.cpp">
      <Filter>Source Files</Filter>
    </ClCompile>
    <ClCompile Include="E:\RawrXD\src\qtapp\gguf_server_hotpatch.cpp">
      <Filter>Source Files</Filter>
    </ClCompile>
    <ClCompile Include="E:\RawrXD\src\qtapp\unified_hotpatch_manager.cpp">
      <Filter>Source Files</Filter>
    </ClCompile>
    <ClCompile Include="E:\RawrXD\src\qtapp\proxy_hotpatcher.cpp">
      <Filter>Source Files</Filter>
    </ClCompile>
    <ClCompile Include="E:\RawrXD\src\qtapp\model_queue.cpp">
      <Filter>Source Files</Filter>
    </ClCompile>
    <ClCompile Include="E:\RawrXD\src\qtapp\streaming_inference_api.cpp">
      <Filter>Source Files</Filter>
    </ClCompile>
    <ClCompile Include="E:\RawrXD\src\qtapp\gpu_backend.cpp">
      <Filter>Source Files</Filter>
    </ClCompile>
    <ClCompile Include="E:\RawrXD\src\qtapp\metrics_collector.cpp">
      <Filter>Source Files</Filter>
    </ClCompile>
    <ClCompile Include="E:\RawrXD\src\qtapp\backup_manager.cpp">
      <Filter>Source Files</Filter>
    </ClCompile>
    <ClCompile Include="E:\RawrXD\src\qtapp\sla_manager.cpp">
      <Filter>Source Files</Filter>
    </ClCompile>
    <ClCompile Include="E:\RawrXD\src\qtapp\interpretability_panel_enhanced.cpp">
      <Filter>Source Files</Filter>
    </ClCompile>
    <ClCompile Include="E:\RawrXD\src\qtapp\checkpoint_manager.cpp">
      <Filter>Source Files</Filter>
    </ClCompile>
    <ClCompile Include="E:\RawrXD\src\qtapp\tokenizer_selector.cpp">
      <Filter>Source Files</Filter>
    </ClCompile>
    <ClCompile Include="E:\RawrXD\src\qtapp\ci_cd_settings.cpp">
      <Filter>Source Files</Filter>
    </ClCompile>
    <ClCompile Include="E:\RawrXD\src\qtapp\utils\project_detector.cpp">
      <Filter>Source Files</Filter>
    </ClCompile>
    <ClCompile Include="E:\RawrXD\src\qtapp\utils\qt_file_writer.cpp">
      <Filter>Source Files</Filter>
    </ClCompile>
    <ClCompile Include="E:\RawrXD\src\qtapp\utils\qt_directory_manager.cpp">
      <Filter>Source Files</Filter>
    </ClCompile>
    <ClCompile Include="E:\RawrXD\src\qtapp\settings_dialog.cpp">
      <Filter>Source Files</Filter>
    </ClCompile>
    <ClCompile Include="E:\RawrXD\src\qtapp\settings_manager.cpp">
      <Filter>Source Files</Filter>
    </ClCompile>
    <ClCompile Include="E:\RawrXD\src\qtapp\advanced_checkpoint_manager.cpp">
      <Filter>Source Files</Filter>
    </ClCompile>
    <ClCompile Include="E:\RawrXD\src\qtapp\tokenizer_language_selector.cpp">
      <Filter>Source Files</Filter>
    </ClCompile>
    <ClCompile Include="E:\RawrXD\src\qtapp\ci_pipeline_manager.cpp">
      <Filter>Source Files</Filter>
    </ClCompile>
    <ClCompile Include="E:\RawrXD\src\qtapp\codec.cpp">
      <Filter>Source Files</Filter>
    </ClCompile>
    <ClCompile Include="E:\RawrXD\src\qtapp\ai_code_assistant.cpp">
      <Filter>Source Files</Filter>
    </ClCompile>
    <ClCompile Include="E:\RawrXD\src\qtapp\ai_code_assistant_panel.cpp">
      <Filter>Source Files</Filter>
    </ClCompile>
    <ClCompile Include="E:\RawrXD\src\agent\agentic_puppeteer.cpp">
      <Filter>Source Files</Filter>
    </ClCompile>
    <ClCompile Include="E:\RawrXD\src\agent\agentic_failure_detector.cpp">
      <Filter>Source Files</Filter>
    </ClCompile>
    <ClCompile Include="E:\RawrXD\src\agent\agentic_copilot_bridge.cpp">
      <Filter>Source Files</Filter>
    </ClCompile>
    <ClCompile Include="E:\RawrXD\src\llm_adapter\QuantBackend.cpp">
      <Filter>Source Files</Filter>
    </ClCompile>
    <ClCompile Include="E:\RawrXD\src\agent\auto_bootstrap.cpp">
      <Filter>Source Files</Filter>
    </ClCompile>
    <ClCompile Include="E:\RawrXD\src\qtapp\widgets\masm_editor_widget.cpp">
      <Filter>Source Files</Filter>
    </ClCompile>
    <ClCompile Include="E:\RawrXD\src\qtapp\widgets\hotpatch_panel.cpp">
      <Filter>Source Files</Filter>
    </ClCompile>
    <ClCompile Include="E:\RawrXD\src\agent\meta_learn.cpp">
      <Filter>Source Files</Filter>
    </ClCompile>
    <ClCompile Include="E:\RawrXD\src\agent\hot_reload.cpp">
      <Filter>Source Files</Filter>
    </ClCompile>
    <ClCompile Include="E:\RawrXD\src\agent\auto_update.cpp">
      <Filter>Source Files</Filter>
    </ClCompile>
    <ClCompile Include="E:\RawrXD\src\agent\planner.cpp">
      <Filter>Source Files</Filter>
    </ClCompile>
    <ClCompile Include="E:\RawrXD\src\agent\self_patch.cpp">
      <Filter>Source Files</Filter>
    </ClCompile>
    <ClCompile Include="E:\RawrXD\src\agent\release_agent.cpp">
      <Filter>Source Files</Filter>
    </ClCompile>
    <ClCompile Include="E:\RawrXD\src\agent\zero_touch.cpp">
      <Filter>Source Files</Filter>
    </ClCompile>
    <ClCompile Include="E:\RawrXD\src\agent\sentry_integration.cpp">
      <Filter>Source Files</Filter>
    </ClCompile>
    <ClCompile Include="E:\RawrXD\src\agent\code_signer.cpp">
      <Filter>Source Files</Filter>
    </ClCompile>
    <ClCompile Include="E:\RawrXD\src\agent\telemetry_collector.cpp">
      <Filter>Source Files</Filter>
    </ClCompile>
    <ClCompile Include="E:\RawrXD\src\agent\action_executor.cpp">
      <Filter>Source Files</Filter>
    </ClCompile>
    <ClCompile Include="E:\RawrXD\src\agent\meta_planner.cpp">
      <Filter>Source Files</Filter>
    </ClCompile>
    <ClCompile Include="E:\RawrXD\src\qtapp\widgets\project_explorer.cpp">
      <Filter>Source Files</Filter>
    </ClCompile>
    <ClCompile Include="E:\RawrXD\src\utils\ErrorReporter.cpp">
      <Filter>Source Files</Filter>
    </ClCompile>
    <ClCompile Include="E:\RawrXD\src\utils\Diagnostics.cpp">
      <Filter>Source Files</Filter>
    </ClCompile>
    <ClCompile Include="E:\RawrXD\build_universal\RawrXD-QtShell_autogen\mocs_compilation_Release.cpp">
      <Filter>Source Files</Filter>
    </ClCompile>
    <ClCompile Include="E:\RawrXD\build_universal\RawrXD-QtShell_autogen\mocs_compilation_MinSizeRel.cpp">
      <Filter>Source Files</Filter>
    </ClCompile>
    <ClCompile Include="E:\RawrXD\build_universal\RawrXD-QtShell_autogen\mocs_compilation_RelWithDebInfo.cpp">
      <Filter>Source Files</Filter>
    </ClCompile>
  </ItemGroup>
  <ItemGroup>
    <ClInclude Include="E:\RawrXD\src\qtapp\MainWindow.h">
      <Filter>Header Files</Filter>
    </ClInclude>
    <ClInclude Include="E:\RawrXD\src\qtapp\ActivityBar.h">
      <Filter>Header Files</Filter>
    </ClInclude>
    <ClInclude Include="E:\RawrXD\src\qtapp\ActivityBarButton.h">
      <Filter>Header Files</Filter>
    </ClInclude>
    <ClInclude Include="E:\RawrXD\src\qtapp\TerminalWidget.h">
      <Filter>Header Files</Filter>
    </ClInclude>
    <ClInclude Include="E:\RawrXD\src\qtapp\TerminalManager.h">
      <Filter>Header Files</Filter>
    </ClInclude>
    <ClInclude Include="E:\RawrXD\include\gguf_loader.h">
      <Filter>Header Files</Filter>
    </ClInclude>
    <ClInclude Include="E:\RawrXD\src\qtapp\gguf_loader.hpp">
      <Filter>Header Files</Filter>
    </ClInclude>
    <ClInclude Include="E:\RawrXD\src\qtapp\inference_engine.hpp">
      <Filter>Header Files</Filter>
    </ClInclude>
    <ClInclude Include="E:\RawrXD\src\qtapp\transformer_inference.hpp">
      <Filter>Header Files</Filter>
    </ClInclude>
    <ClInclude Include="E:\RawrXD\src\qtapp\bpe_tokenizer.hpp">
      <Filter>Header Files</Filter>
    </ClInclude>
    <ClInclude Include="E:\RawrXD\src\qtapp\sentencepiece_tokenizer.hpp">
      <Filter>Header Files</Filter>
    </ClInclude>
    <ClInclude Include="E:\RawrXD\src\qtapp\vocabulary_loader.hpp">
      <Filter>Header Files</Filter>
    </ClInclude>
    <ClInclude Include="E:\RawrXD\src\qtapp\gguf_server.hpp">
      <Filter>Header Files</Filter>
    </ClInclude>
    <ClInclude Include="E:\RawrXD\src\qtapp\ai_switcher.hpp">
      <Filter>Header Files</Filter>
    </ClInclude>
    <ClInclude Include="E:\RawrXD\src\qtapp\unified_backend.hpp">
      <Filter>Header Files</Filter>
    </ClInclude>
    <ClInclude Include="E:\RawrXD\src\qtapp\widgets\layer_quant_widget.hpp">
      <Filter>Header Files</Filter>
    </ClInclude>
    <ClInclude Include="E:\RawrXD\src\qtapp\streaming_inference.hpp">
      <Filter>Header Files</Filter>
    </ClInclude>
    <ClInclude Include="E:\RawrXD\src\qtapp\model_monitor.hpp">
      <Filter>Header Files</Filter>
    </ClInclude>
    <ClInclude Include="E:\RawrXD\src\qtapp\command_palette.hpp">
      <Filter>Header Files</Filter>
    </ClInclude>
    <ClInclude Include="E:\RawrXD\src\qtapp\ai_chat_panel.hpp">
      <Filter>Header Files</Filter>
    </ClInclude>
    <ClInclude Include="E:\RawrXD\src\qtapp\model_memory_hotpatch.hpp">
      <Filter>Header Files</Filter>
    </ClInclude>
    <ClInclude Include="E:\RawrXD\src\qtapp\byte_level_hotpatcher.hpp">
      <Filter>Header Files</Filter>
    </ClInclude>
    <ClInclude Include="E:\RawrXD\src\qtapp\gguf_server_hotpatch.hpp">
      <Filter>Header Files</Filter>
    </ClInclude>
    <ClInclude Include="E:\RawrXD\src\qtapp\unified_hotpatch_manager.hpp">
      <Filter>Header Files</Filter>
    </ClInclude>
    <ClInclude Include="E:\RawrXD\src\qtapp\proxy_hotpatcher.hpp">
      <Filter>Header Files</Filter>
    </ClInclude>
    <ClInclude Include="E:\RawrXD\src\qtapp\model_queue.hpp">
      <Filter>Header Files</Filter>
    </ClInclude>
    <ClInclude Include="E:\RawrXD\src\qtapp\streaming_inference_api.hpp">
      <Filter>Header Files</Filter>
    </ClInclude>
    <ClInclude Include="E:\RawrXD\src\qtapp\gpu_backend.hpp">
      <Filter>Header Files</Filter>
    </ClInclude>
    <ClInclude Include="E:\RawrXD\src\qtapp\metrics_collector.hpp">
      <Filter>Header Files</Filter>
    </ClInclude>
    <ClInclude Include="E:\RawrXD\src\qtapp\backup_manager.hpp">
      <Filter>Header Files</Filter>
    </ClInclude>
    <ClInclude Include="E:\RawrXD\src\qtapp\sla_manager.hpp">
      <Filter>Header Files</Filter>
    </ClInclude>
    <ClInclude Include="E:\RawrXD\src\qtapp\interpretability_panel_enhanced.hpp">
      <Filter>Header Files</Filter>
    </ClInclude>
    <ClInclude Include="E:\RawrXD\include\checkpoint_manager.h">
      <Filter>Header Files</Filter>
    </ClInclude>
    <ClInclude Include="E:\RawrXD\include\tokenizer_selector.h">
      <Filter>Header Files</Filter>
    </ClInclude>
    <ClInclude Include="E:\RawrXD\include\ci_cd_settings.h">
      <Filter>Header Files</Filter>
    </ClInclude>
    <ClInclude Include="E:\RawrXD\src\qtapp\settings_dialog.h">
      <Filter>Header Files</Filter>
    </ClInclude>
    <ClInclude Include="E:\RawrXD\src\qtapp\settings_manager.h">
      <Filter>Header Files</Filter>
    </ClInclude>
    <ClInclude Include="E:\RawrXD\src\qtapp\advanced_checkpoint_manager.h">
      <Filter>Header Files</Filter>
    </ClInclude>
    <ClInclude Include="E:\RawrXD\src\qtapp\tokenizer_language_selector.h">
      <Filter>Header Files</Filter>
    </ClInclude>
    <ClInclude Include="E:\RawrXD\src\qtapp\ci_pipeline_manager.h">
      <Filter>Header Files</Filter>
    </ClInclude>
    <ClInclude Include="E:\RawrXD\src\qtapp\codec.h">
      <Filter>Header Files</Filter>
    </ClInclude>
    <ClInclude Include="E:\RawrXD\src\qtapp\ai_code_assistant.h">
      <Filter>Header Files</Filter>
    </ClInclude>
    <ClInclude Include="E:\RawrXD\src\qtapp\ai_code_assistant_panel.h">
      <Filter>Header Files</Filter>
    </ClInclude>
    <ClInclude Include="E:\RawrXD\src\agent\agentic_puppeteer.hpp">
      <Filter>Header Files</Filter>
    </ClInclude>
    <ClInclude Include="E:\RawrXD\src\agent\agentic_failure_detector.hpp">
      <Filter>Header Files</Filter>
    </ClInclude>
    <ClInclude Include="E:\RawrXD\src\agent\agentic_copilot_bridge.hpp">
      <Filter>Header Files</Filter>
    </ClInclude>
    <ClInclude Include="E:\RawrXD\src\llm_adapter\QuantBackend.h">
      <Filter>Header Files</Filter>
    </ClInclude>
    <ClInclude Include="E:\RawrXD\src\agent\sentry_integration.hpp">
      <Filter>Header Files</Filter>
    </ClInclude>
    <ClInclude Include="E:\RawrXD\src\agent\code_signer.hpp">
      <Filter>Header Files</Filter>
    </ClInclude>
    <ClInclude Include="E:\RawrXD\src\agent\telemetry_collector.hpp">
      <Filter>Header Files</Filter>
    </ClInclude>
    <ClInclude Include="E:\RawrXD\src\agent\action_executor.hpp">
      <Filter>Header Files</Filter>
    </ClInclude>
    <ClInclude Include="E:\RawrXD\src\agent\meta_planner.hpp">
      <Filter>Header Files</Filter>
    </ClInclude>
    <ClInclude Include="E:\RawrXD\src\qtapp\widgets\project_explorer.h">
      <Filter>Header Files</Filter>
    </ClInclude>
    <ClInclude Include="E:\RawrXD\src\utils\ErrorReporter.hpp">
      <Filter>Header Files</Filter>
    </ClInclude>
    <ClInclude Include="E:\RawrXD\src\model_loader\GGUFConstants.hpp">
      <Filter>Header Files</Filter>
    </ClInclude>
    <ClInclude Include="E:\RawrXD\src\utils\Diagnostics.hpp">
      <Filter>Header Files</Filter>
    </ClInclude>
  </ItemGroup>
  <ItemGroup>
    <CustomBuild Include="E:\RawrXD\CMakeLists.txt" />
  </ItemGroup>
  <ItemGroup>
    <Filter Include="Header Files">
      <UniqueIdentifier>{9FF5B125-4A6B-309E-8F2F-6879B155122F}</UniqueIdentifier>
    </Filter>
    <Filter Include="Source Files">
      <UniqueIdentifier>{524A5D49-74DC-30FC-8211-B0B29AE571B6}</UniqueIdentifier>
    </Filter>
  </ItemGroup>
</Project>
