<?xml version="1.0" encoding="utf-8"?>
<Project ToolsVersion="17.0" xmlns="http://schemas.microsoft.com/developer/msbuild/2003">
  <ItemGroup>
    <ClCompile Include="E:\RawrXD\build_universal\RawrXD-AgenticIDE_autogen\mocs_compilation_Debug.cpp">
      <Filter>Source Files</Filter>
    </ClCompile>
    <ClCompile Include="E:\RawrXD\src\qtapp\main_v5.cpp">
      <Filter>Source Files</Filter>
    </ClCompile>
    <ClCompile Include="E:\RawrXD\src\qtapp\MainWindow_v5.cpp">
      <Filter>Source Files</Filter>
    </ClCompile>
    <ClCompile Include="E:\RawrXD\src\agentic_ide.cpp">
      <Filter>Source Files</Filter>
    </ClCompile>
    <ClCompile Include="E:\RawrXD\src\production_agentic_ide.cpp">
      <Filter>Source Files</Filter>
    </ClCompile>
    <ClCompile Include="E:\RawrXD\src\scalar_server.cpp">
      <Filter>Source Files</Filter>
    </ClCompile>
    <ClCompile Include="E:\RawrXD\src\chat_workspace.cpp">
      <Filter>Source Files</Filter>
    </ClCompile>
    <ClCompile Include="E:\RawrXD\src\multi_tab_editor.cpp">
      <Filter>Source Files</Filter>
    </ClCompile>
    <ClCompile Include="E:\RawrXD\src\terminal_pool.cpp">
      <Filter>Source Files</Filter>
    </ClCompile>
    <ClCompile Include="E:\RawrXD\src\agentic_engine.cpp">
      <Filter>Source Files</Filter>
    </ClCompile>
    <ClCompile Include="E:\RawrXD\src\zero_day_agentic_engine.cpp">
      <Filter>Source Files</Filter>
    </ClCompile>
    <ClCompile Include="E:\RawrXD\src\chat_interface.cpp">
      <Filter>Source Files</Filter>
    </ClCompile>
    <ClCompile Include="E:\RawrXD\src\agentic_copilot_bridge.cpp">
      <Filter>Source Files</Filter>
    </ClCompile>
    <ClCompile Include="E:\RawrXD\src\qtapp\ai_code_assistant.cpp">
      <Filter>Source Files</Filter>
    </ClCompile>
    <ClCompile Include="E:\RawrXD\src\qtapp\ai_code_assistant_panel.cpp">
      <Filter>Source Files</Filter>
    </ClCompile>
    <ClCompile Include="E:\RawrXD\src\qtapp\settings_dialog.cpp">
      <Filter>Source Files</Filter>
    </ClCompile>
    <ClCompile Include="E:\RawrXD\src\qtapp\settings_manager.cpp">
      <Filter>Source Files</Filter>
    </ClCompile>
    <ClCompile Include="E:\RawrXD\src\gui\ModelConversionDialog.cpp">
      <Filter>Source Files</Filter>
    </ClCompile>
    <ClCompile Include="E:\RawrXD\src\qtapp\TerminalManager.cpp">
      <Filter>Source Files</Filter>
    </ClCompile>
    <ClCompile Include="E:\RawrXD\src\utils\InferenceSettingsManager.cpp">
      <Filter>Source Files</Filter>
    </ClCompile>
    <ClCompile Include="E:\RawrXD\src\ui\InferenceSettingsDialog.cpp">
      <Filter>Source Files</Filter>
    </ClCompile>
    <ClCompile Include="E:\RawrXD\src\qtapp\tokenizer_selector.cpp">
      <Filter>Source Files</Filter>
    </ClCompile>
    <ClCompile Include="E:\RawrXD\src\real_time_completion_engine.cpp">
      <Filter>Source Files</Filter>
    </ClCompile>
    <ClCompile Include="E:\RawrXD\src\qtapp\ci_cd_settings.cpp">
      <Filter>Source Files</Filter>
    </ClCompile>
    <ClCompile Include="E:\RawrXD\src\qtapp\checkpoint_manager.cpp">
      <Filter>Source Files</Filter>
    </ClCompile>
    <ClCompile Include="E:\RawrXD\src\qtapp\inflate_deflate_cpp.cpp">
      <Filter>Source Files</Filter>
    </ClCompile>
    <ClCompile Include="E:\RawrXD\src\file_browser.cpp">
      <Filter>Source Files</Filter>
    </ClCompile>
    <ClCompile Include="E:\RawrXD\src\qtapp\inference_engine.cpp">
      <Filter>Source Files</Filter>
    </ClCompile>
    <ClCompile Include="E:\RawrXD\src\qtapp\sentencepiece_tokenizer.cpp">
      <Filter>Source Files</Filter>
    </ClCompile>
    <ClCompile Include="E:\RawrXD\src\qtapp\vocabulary_loader.cpp">
      <Filter>Source Files</Filter>
    </ClCompile>
    <ClCompile Include="E:\RawrXD\src\qtapp\bpe_tokenizer.cpp">
      <Filter>Source Files</Filter>
    </ClCompile>
    <ClCompile Include="E:\RawrXD\src\qtapp\transformer_inference.cpp">
      <Filter>Source Files</Filter>
    </ClCompile>
    <ClCompile Include="E:\RawrXD\src\qtapp\gguf_loader.cpp">
      <Filter>Source Files</Filter>
    </ClCompile>
    <ClCompile Include="E:\RawrXD\src\gguf_loader.cpp">
      <Filter>Source Files</Filter>
    </ClCompile>
    <ClCompile Include="E:\RawrXD\src\gguf_vocab_resolver.cpp">
      <Filter>Source Files</Filter>
    </ClCompile>
    <ClCompile Include="E:\RawrXD\src\vulkan_compute.cpp">
      <Filter>Source Files</Filter>
    </ClCompile>
    <ClCompile Include="E:\RawrXD\src\transformer_block_scalar.cpp">
      <Filter>Source Files</Filter>
    </ClCompile>
    <ClCompile Include="E:\RawrXD\src\settings.cpp">
      <Filter>Source Files</Filter>
    </ClCompile>
    <ClCompile Include="E:\RawrXD\src\planning_agent.cpp">
      <Filter>Source Files</Filter>
    </ClCompile>
    <ClCompile Include="E:\RawrXD\src\plan_orchestrator.cpp">
      <Filter>Source Files</Filter>
    </ClCompile>
    <ClCompile Include="E:\RawrXD\src\lsp_client.cpp">
      <Filter>Source Files</Filter>
    </ClCompile>
    <ClCompile Include="E:\RawrXD\src\agentic_text_edit.cpp">
      <Filter>Source Files</Filter>
    </ClCompile>
    <ClCompile Include="E:\RawrXD\src\ghost_text_renderer.cpp">
      <Filter>Source Files</Filter>
    </ClCompile>
    <ClCompile Include="E:\RawrXD\src\universal_model_router.cpp">
      <Filter>Source Files</Filter>
    </ClCompile>
    <ClCompile Include="E:\RawrXD\src\cloud_api_client.cpp">
      <Filter>Source Files</Filter>
    </ClCompile>
    <ClCompile Include="E:\RawrXD\src\tool_registry.cpp">
      <Filter>Source Files</Filter>
    </ClCompile>
    <ClCompile Include="E:\RawrXD\src\qtapp\ai_completion_provider.cpp">
      <Filter>Source Files</Filter>
    </ClCompile>
    <ClCompile Include="E:\RawrXD\src\qtapp\model_loader_thread.cpp">
      <Filter>Source Files</Filter>
    </ClCompile>
    <ClCompile Include="E:\RawrXD\src\telemetry.cpp">
      <Filter>Source Files</Filter>
    </ClCompile>
    <ClCompile Include="E:\RawrXD\src\todo_manager.cpp">
      <Filter>Source Files</Filter>
    </ClCompile>
    <ClCompile Include="E:\RawrXD\src\todo_dock.cpp">
      <Filter>Source Files</Filter>
    </ClCompile>
    <ClCompile Include="E:\RawrXD\src\agentic_executor.cpp">
      <Filter>Source Files</Filter>
    </ClCompile>
    <ClCompile Include="E:\RawrXD\src\marketplace\extension_marketplace_manager.cpp">
      <Filter>Source Files</Filter>
    </ClCompile>
    <ClCompile Include="E:\RawrXD\src\marketplace\vsix_installer.cpp">
      <Filter>Source Files</Filter>
    </ClCompile>
    <ClCompile Include="E:\RawrXD\src\marketplace\enterprise_policy_engine.cpp">
      <Filter>Source Files</Filter>
    </ClCompile>
    <ClCompile Include="E:\RawrXD\src\marketplace\offline_cache_store.cpp">
      <Filter>Source Files</Filter>
    </ClCompile>
    <ClCompile Include="E:\RawrXD\src\marketplace\marketplace_ui_view.cpp">
      <Filter>Source Files</Filter>
    </ClCompile>
    <ClCompile Include="E:\RawrXD\src\model_trainer.cpp">
      <Filter>Source Files</Filter>
    </ClCompile>
    <ClCompile Include="E:\RawrXD\src\agentic_file_operations.cpp">
      <Filter>Source Files</Filter>
    </ClCompile>
    <ClCompile Include="E:\RawrXD\src\memory_space_manager.cpp">
      <Filter>Source Files</Filter>
    </ClCompile>
    <ClCompile Include="E:\RawrXD\src\agentic_error_handler.cpp">
      <Filter>Source Files</Filter>
    </ClCompile>
    <ClCompile Include="E:\RawrXD\src\agentic_observability.cpp">
      <Filter>Source Files</Filter>
    </ClCompile>
    <ClCompile Include="E:\RawrXD\src\agentic_loop_state.cpp">
      <Filter>Source Files</Filter>
    </ClCompile>
    <ClCompile Include="E:\RawrXD\src\training_dialog.cpp">
      <Filter>Source Files</Filter>
    </ClCompile>
    <ClCompile Include="E:\RawrXD\src\training_progress_dock.cpp">
      <Filter>Source Files</Filter>
    </ClCompile>
    <ClCompile Include="E:\RawrXD\src\model_registry.cpp">
      <Filter>Source Files</Filter>
    </ClCompile>
    <ClCompile Include="E:\RawrXD\src\profiler.cpp">
      <Filter>Source Files</Filter>
    </ClCompile>
    <ClCompile Include="E:\RawrXD\src\observability_dashboard.cpp">
      <Filter>Source Files</Filter>
    </ClCompile>
    <ClCompile Include="E:\RawrXD\src\hardware_backend_selector.cpp">
      <Filter>Source Files</Filter>
    </ClCompile>
    <ClCompile Include="E:\RawrXD\src\ui\diff_dock.cpp">
      <Filter>Source Files</Filter>
    </ClCompile>
    <ClCompile Include="E:\RawrXD\src\ui\gpu_backend_selector.cpp">
      <Filter>Source Files</Filter>
    </ClCompile>
    <ClCompile Include="E:\RawrXD\src\ui\auto_model_downloader.cpp">
      <Filter>Source Files</Filter>
    </ClCompile>
    <ClCompile Include="E:\RawrXD\src\ui\model_download_dialog_new.cpp">
      <Filter>Source Files</Filter>
    </ClCompile>
    <ClCompile Include="E:\RawrXD\src\ui\telemetry_optin_dialog.cpp">
      <Filter>Source Files</Filter>
    </ClCompile>
    <ClCompile Include="E:\RawrXD\src\qtapp\security_manager.cpp">
      <Filter>Source Files</Filter>
    </ClCompile>
    <ClCompile Include="E:\RawrXD\src\response_parser.cpp">
      <Filter>Source Files</Filter>
    </ClCompile>
    <ClCompile Include="E:\RawrXD\src\model_tester.cpp">
      <Filter>Source Files</Filter>
    </ClCompile>
    <ClCompile Include="E:\RawrXD\src\library_integration.cpp">
      <Filter>Source Files</Filter>
    </ClCompile>
    <ClCompile Include="E:\RawrXD\src\ai_implementation.cpp">
      <Filter>Source Files</Filter>
    </ClCompile>
    <ClCompile Include="E:\RawrXD\src\streaming_engine.cpp">
      <Filter>Source Files</Filter>
    </ClCompile>
    <ClCompile Include="E:\RawrXD\build_universal\RawrXD-AgenticIDE_autogen\mocs_compilation_Release.cpp">
      <Filter>Source Files</Filter>
    </ClCompile>
    <ClCompile Include="E:\RawrXD\build_universal\RawrXD-AgenticIDE_autogen\mocs_compilation_MinSizeRel.cpp">
      <Filter>Source Files</Filter>
    </ClCompile>
    <ClCompile Include="E:\RawrXD\build_universal\RawrXD-AgenticIDE_autogen\mocs_compilation_RelWithDebInfo.cpp">
      <Filter>Source Files</Filter>
    </ClCompile>
  </ItemGroup>
  <ItemGroup>
    <ClInclude Include="E:\RawrXD\include\production_agentic_ide.h">
      <Filter>Header Files</Filter>
    </ClInclude>
    <ClInclude Include="E:\RawrXD\include\zero_day_agentic_engine.hpp">
      <Filter>Header Files</Filter>
    </ClInclude>
    <ClInclude Include="E:\RawrXD\include\tool_registry_init.hpp">
      <Filter>Header Files</Filter>
    </ClInclude>
    <ClInclude Include="E:\RawrXD\include\tokenizer_selector.h">
      <Filter>Header Files</Filter>
    </ClInclude>
    <ClInclude Include="E:\RawrXD\include\ci_cd_settings.h">
      <Filter>Header Files</Filter>
    </ClInclude>
    <ClInclude Include="E:\RawrXD\include\checkpoint_manager.h">
      <Filter>Header Files</Filter>
    </ClInclude>
    <ClInclude Include="E:\RawrXD\src\qtapp\gguf_loader.hpp">
      <Filter>Header Files</Filter>
    </ClInclude>
    <ClInclude Include="E:\RawrXD\src\cloud_api_client.h">
      <Filter>Header Files</Filter>
    </ClInclude>
    <ClInclude Include="E:\RawrXD\include\marketplace\extension_marketplace_manager.h">
      <Filter>Header Files</Filter>
    </ClInclude>
    <ClInclude Include="E:\RawrXD\include\marketplace\vsix_installer.h">
      <Filter>Header Files</Filter>
    </ClInclude>
    <ClInclude Include="E:\RawrXD\include\marketplace\enterprise_policy_engine.h">
      <Filter>Header Files</Filter>
    </ClInclude>
    <ClInclude Include="E:\RawrXD\include\marketplace\offline_cache_store.h">
      <Filter>Header Files</Filter>
    </ClInclude>
    <ClInclude Include="E:\RawrXD\include\marketplace\marketplace_ui_view.h">
      <Filter>Header Files</Filter>
    </ClInclude>
    <ClInclude Include="E:\RawrXD\include\agentic_file_operations.h">
      <Filter>Header Files</Filter>
    </ClInclude>
    <ClInclude Include="E:\RawrXD\include\memory_space_manager.h">
      <Filter>Header Files</Filter>
    </ClInclude>
    <ClInclude Include="E:\RawrXD\include\agentic_error_handler.h">
      <Filter>Header Files</Filter>
    </ClInclude>
    <ClInclude Include="E:\RawrXD\include\agentic_observability.h">
      <Filter>Header Files</Filter>
    </ClInclude>
    <ClInclude Include="E:\RawrXD\include\agentic_loop_state.h">
      <Filter>Header Files</Filter>
    </ClInclude>
    <ClInclude Include="E:\RawrXD\src\qtapp\TelemetryWindow.h">
      <Filter>Header Files</Filter>
    </ClInclude>
  </ItemGroup>
  <ItemGroup>
    <CustomBuild Include="E:\RawrXD\CMakeLists.txt" />
  </ItemGroup>
  <ItemGroup>
    <Filter Include="Header Files">
      <UniqueIdentifier>{9FF5B125-4A6B-309E-8F2F-6879B155122F}</UniqueIdentifier>
    </Filter>
    <Filter Include="Source Files">
      <UniqueIdentifier>{524A5D49-74DC-30FC-8211-B0B29AE571B6}</UniqueIdentifier>
    </Filter>
  </ItemGroup>
</Project>
