<?xml version="1.0" encoding="utf-8"?>
<Project ToolsVersion="17.0" xmlns="http://schemas.microsoft.com/developer/msbuild/2003">
  <ItemGroup>
    <CustomBuild Include="E:\RawrXD\build_universal\CMakeFiles\396f808d0b21e19c788b6ac70b1d71b6\RUN_TESTS_force.rule">
      <Filter>CMake Rules</Filter>
    </CustomBuild>
  </ItemGroup>
  <ItemGroup>
    <Filter Include="CMake Rules">
      <UniqueIdentifier>{90A6963C-F342-30A8-81E0-2521EB884FA0}</UniqueIdentifier>
    </Filter>
  </ItemGroup>
</Project>
