
Microsoft Visual Studio Solution File, Format Version 12.00
# Visual Studio Version 17
Project("{8BC9CEB8-8B4A-11D0-8D11-00A0C91BC942}") = "ALL_BUILD", "ALL_BUILD.vcxproj", "{D39FFC27-DBDC-3305-8D84-3248F2A59CA0}"
	ProjectSection(ProjectDependencies) = postProject
		{BDC85E7F-C34B-3293-86F6-847317A75369} = {BDC85E7F-C34B-3293-86F6-847317A75369}
		{CA3E2100-D192-3FD9-AD26-D81FDB1687A3} = {CA3E2100-D192-3FD9-AD26-D81FDB1687A3}
	EndProjectSection
EndProject
Project("{8BC9CEB8-8B4A-11D0-8D11-00A0C91BC942}") = "INSTALL", "INSTALL.vcxproj", "{8FBC5769-126A-33E5-8D89-7B23C18241AC}"
	ProjectSection(ProjectDependencies) = postProject
		{D39FFC27-DBDC-3305-8D84-3248F2A59CA0} = {D39FFC27-DBDC-3305-8D84-3248F2A59CA0}
		{CA3E2100-D192-3FD9-AD26-D81FDB1687A3} = {CA3E2100-D192-3FD9-AD26-D81FDB1687A3}
	EndProjectSection
EndProject
Project("{8BC9CEB8-8B4A-11D0-8D11-00A0C91BC942}") = "RUN_TESTS", "RUN_TESTS.vcxproj", "{9B6CD79C-8603-383E-900C-08536ABB1D21}"
	ProjectSection(ProjectDependencies) = postProject
		{CA3E2100-D192-3FD9-AD26-D81FDB1687A3} = {CA3E2100-D192-3FD9-AD26-D81FDB1687A3}
	EndProjectSection
EndProject
Project("{8BC9CEB8-8B4A-11D0-8D11-00A0C91BC942}") = "RawrXDOrchestration", "RawrXDOrchestration.vcxproj", "{BDC85E7F-C34B-3293-86F6-847317A75369}"
	ProjectSection(ProjectDependencies) = postProject
		{CA3E2100-D192-3FD9-AD26-D81FDB1687A3} = {CA3E2100-D192-3FD9-AD26-D81FDB1687A3}
	EndProjectSection
EndProject
Project("{8BC9CEB8-8B4A-11D0-8D11-00A0C91BC942}") = "ZERO_CHECK", "..\..\ZERO_CHECK.vcxproj", "{CA3E2100-D192-3FD9-AD26-D81FDB1687A3}"
	ProjectSection(ProjectDependencies) = postProject
	EndProjectSection
EndProject
Global
	GlobalSection(SolutionConfigurationPlatforms) = preSolution
		Debug|x64 = Debug|x64
		Release|x64 = Release|x64
		MinSizeRel|x64 = MinSizeRel|x64
		RelWithDebInfo|x64 = RelWithDebInfo|x64
	EndGlobalSection
	GlobalSection(ProjectConfigurationPlatforms) = postSolution
		{D39FFC27-DBDC-3305-8D84-3248F2A59CA0}.Debug|x64.ActiveCfg = Debug|x64
		{D39FFC27-DBDC-3305-8D84-3248F2A59CA0}.Debug|x64.Build.0 = Debug|x64
		{D39FFC27-DBDC-3305-8D84-3248F2A59CA0}.Release|x64.ActiveCfg = Release|x64
		{D39FFC27-DBDC-3305-8D84-3248F2A59CA0}.Release|x64.Build.0 = Release|x64
		{D39FFC27-DBDC-3305-8D84-3248F2A59CA0}.MinSizeRel|x64.ActiveCfg = MinSizeRel|x64
		{D39FFC27-DBDC-3305-8D84-3248F2A59CA0}.MinSizeRel|x64.Build.0 = MinSizeRel|x64
		{D39FFC27-DBDC-3305-8D84-3248F2A59CA0}.RelWithDebInfo|x64.ActiveCfg = RelWithDebInfo|x64
		{D39FFC27-DBDC-3305-8D84-3248F2A59CA0}.RelWithDebInfo|x64.Build.0 = RelWithDebInfo|x64
		{8FBC5769-126A-33E5-8D89-7B23C18241AC}.Debug|x64.ActiveCfg = Debug|x64
		{8FBC5769-126A-33E5-8D89-7B23C18241AC}.Release|x64.ActiveCfg = Release|x64
		{8FBC5769-126A-33E5-8D89-7B23C18241AC}.MinSizeRel|x64.ActiveCfg = MinSizeRel|x64
		{8FBC5769-126A-33E5-8D89-7B23C18241AC}.RelWithDebInfo|x64.ActiveCfg = RelWithDebInfo|x64
		{9B6CD79C-8603-383E-900C-08536ABB1D21}.Debug|x64.ActiveCfg = Debug|x64
		{9B6CD79C-8603-383E-900C-08536ABB1D21}.Release|x64.ActiveCfg = Release|x64
		{9B6CD79C-8603-383E-900C-08536ABB1D21}.MinSizeRel|x64.ActiveCfg = MinSizeRel|x64
		{9B6CD79C-8603-383E-900C-08536ABB1D21}.RelWithDebInfo|x64.ActiveCfg = RelWithDebInfo|x64
		{BDC85E7F-C34B-3293-86F6-847317A75369}.Debug|x64.ActiveCfg = Debug|x64
		{BDC85E7F-C34B-3293-86F6-847317A75369}.Debug|x64.Build.0 = Debug|x64
		{BDC85E7F-C34B-3293-86F6-847317A75369}.Release|x64.ActiveCfg = Release|x64
		{BDC85E7F-C34B-3293-86F6-847317A75369}.Release|x64.Build.0 = Release|x64
		{BDC85E7F-C34B-3293-86F6-847317A75369}.MinSizeRel|x64.ActiveCfg = MinSizeRel|x64
		{BDC85E7F-C34B-3293-86F6-847317A75369}.MinSizeRel|x64.Build.0 = MinSizeRel|x64
		{BDC85E7F-C34B-3293-86F6-847317A75369}.RelWithDebInfo|x64.ActiveCfg = RelWithDebInfo|x64
		{BDC85E7F-C34B-3293-86F6-847317A75369}.RelWithDebInfo|x64.Build.0 = RelWithDebInfo|x64
		{CA3E2100-D192-3FD9-AD26-D81FDB1687A3}.Debug|x64.ActiveCfg = Debug|x64
		{CA3E2100-D192-3FD9-AD26-D81FDB1687A3}.Debug|x64.Build.0 = Debug|x64
		{CA3E2100-D192-3FD9-AD26-D81FDB1687A3}.Release|x64.ActiveCfg = Release|x64
		{CA3E2100-D192-3FD9-AD26-D81FDB1687A3}.Release|x64.Build.0 = Release|x64
		{CA3E2100-D192-3FD9-AD26-D81FDB1687A3}.MinSizeRel|x64.ActiveCfg = MinSizeRel|x64
		{CA3E2100-D192-3FD9-AD26-D81FDB1687A3}.MinSizeRel|x64.Build.0 = MinSizeRel|x64
		{CA3E2100-D192-3FD9-AD26-D81FDB1687A3}.RelWithDebInfo|x64.ActiveCfg = RelWithDebInfo|x64
		{CA3E2100-D192-3FD9-AD26-D81FDB1687A3}.RelWithDebInfo|x64.Build.0 = RelWithDebInfo|x64
	EndGlobalSection
	GlobalSection(ExtensibilityGlobals) = postSolution
		SolutionGuid = {C4F0DF38-023D-3E79-B60E-37AE080B918B}
	EndGlobalSection
	GlobalSection(ExtensibilityAddIns) = postSolution
	EndGlobalSection
EndGlobal
